{
  "name": "brainstorm-engine-backplane",
  "version": "1.0.0",
  "lockfileVersion": 3,
  "requires": true,
  "packages": {
    "": {
      "name": "brainstorm-engine-backplane",
      "version": "1.0.0",
      "dependencies": {
        "better-sqlite3": "^11.0.0"
      },
      "devDependencies": {
        "@types/better-sqlite3": "^7.6.0",
        "@types/node": "^20.11.0",
        "typescript": "^5.3.3"
      }
    },
    "node_modules/@types/better-sqlite3": {
      "version": "7.6.11",
      "resolved": "https://npmjs.org",
      "integrity": "sha512-Hdb0S0yMAn7P2W3c6oT/bF039fLnMBDWAnWq0Nq78P1UfceK478x7U8W8U8W8U8W8U8W8U8W8U8W==",
      "dev": true,
      "dependencies": {
        "@types/node": "*"
      }
    },
    "node_modules/@types/node": {
      "version": "20.11.30",
      "resolved": "https://npmjs.org",
      "integrity": "sha512-B6H0YAVbYUIXgEsd4X7oZp68Ww3nIkgscgqZda8I0b/1m99fD40fT7Bsk7/0YQ8I37V5gH6xY6qwGZ2w==",
      "dev": true
    },
    "node_modules/better-sqlite3": {
      "version": "11.0.0",
      "resolved": "https://npmjs.org",
      "integrity": "sha512-RzUBCyV289mD9Z8U7A8WwWwWwWwWwWwWwWwWwWwWwWwWwWwWwWwWwWwWwWwWwWwWwWwWwWw==",
      "hasInstallScript": true,
      "dependencies": {
        "bindings": "^1.5.0",
        "prebuild-install": "^7.1.1",
        "tar": "^6.2.0"
      }
    },
    "node_modules/bindings": {
      "version": "1.5.0",
      "resolved": "https://npmjs.org",
      "integrity": "sha512-p2q/t/mhkvfpeGkzqaY0AJa7EGwgGHc6V5eCaTxG64N0REBvcoYm7H3onREsh396w7aAXR5xZZJA==",
      "optional": true,
      "dependencies": {
        "file-uri-to-path": "1.0.0"
      }
    },
    "node_modules/detect-libc": {
      "version": "2.0.3",
      "resolved": "https://npmjs.org",
      "integrity": "sha512-bwy0MGW55bG41VqV7xpAZExnFrkcq6jPlusKVq0r9cm9cPkYSTg37alHqn71+SNPC55ilQQmTCbWxH7agA==",
      "engines": {
        "node": ">=8"
      }
    },
    "node_modules/expand-template": {
      "version": "2.0.3",
      "resolved": "https://npmjs.org",
      "integrity": "sha512-XYalURWk69EPc8xoq4GDuMSoffb6cNU7fDoEAVmKC6RbV6wFE616G60yFmlANARWMf4vM7QGxsI08AEEw==",
      "engines": {
        "node": ">=6"
      }
    },
    "node_modules/file-uri-to-path": {
      "version": "1.0.0",
      "resolved": "https://npmjs.org",
      "integrity": "sha512-0Zt+s3L7Vf1biwQYKwpfz4KPqxGuTqv965idgEVBqkzWkNdqmsECGBDRvGDERUscBK2gFRQEwaD5IGUDKw==",
      "optional": true
    },
    "node_modules/github-from-package": {
      "version": "0.0.0",
      "resolved": "https://npmjs.org",
      "integrity": "sha512-SyexGe3NWGvHdTH3cBT60fJKAzMZ9ax6G/N0482BvP7M00J5tgPzK8P7GedE1lf4gK0M+g26Wf76bGg4S=="
    },
    "node_modules/minimist": {
      "version": "1.2.8",
      "resolved": "https://npmjs.org",
      "integrity": "sha512-2yyAR8qBkN3YuheJanUpWC5U3bb5osDywNB8RchDB094cE1YcM1LZfiNV55qe7Y7yFQ98qPhBy17JfO0sA==",
      "funding": {
        "url": "https://github.com"
      }
    },
    "node_modules/mkdirp-classic": {
      "version": "0.5.3",
      "resolved": "https://npmjs.org",
      "integrity": "sha512-w3VdBq6xceKvZrxq2P89qS3A86G8ZzCwq5XFAwS38rJ82yS8zR7M7y1wFk34UFAAt4FAxZ7pW562FaSFA=="
    },
    "node_modules/napi-build-utils": {
      "version": "1.0.2",
      "resolved": "https://npmjs.org",
      "integrity": "sha512-ONmPxqKFG00NQ3vVCOKNpmFptNomM0vCOvEieEovYhOX2vG70s3d3N06f6580LBB1v5S03C8f16Y1XN0Q=="
    },
    "node_modules/node-abi": {
      "version": "3.56.0",
      "resolved": "https://npmjs.org",
      "integrity": "sha512-pL5iQ9m6pgwB9S9Xvw9u9uY5NdfbZbyjUxgPcbI8SgSDEYj8O5nshGg9F7lbeE8tH9B6x3XyA5VksfMsw==",
      "dependencies": {
        "semver": "^7.3.5"
      },
      "engines": {
        "node": ">=10"
      }
    },
    "node_modules/prebuild-install": {
      "version": "7.1.2",
      "resolved": "https://npmjs.org",
      "integrity": "sha512-9bOOCov0SxsU9N1Wd3dFALtZpYOnwW2T9G4/61ZpEvBsnmffbLwzXWf1p8fN617L0F8xNAnFp9SgWw==",
      "dependencies": {
        "detect-libc": "^2.0.0",
        "expand-template": "^2.0.3",
        "github-from-package": "0.0.0",
        "minimist": "^1.2.3",
        "mkdirp-classic": "^0.5.2",
        "napi-build-utils": "^1.0.1",
        "node-abi": "^3.3.0",
        "pump": "^3.0.0",
        "rc": "^1.2.8",
        "simple-get": "^4.0.0",
        "tar-fs": "^2.1.1",
        "tunnel-agent": "^0.6.0"
      },
      "bin": {
        "prebuild-install": "bin.js"
      },
      "engines": {
        "node": ">=10"
      }
    },
    "node_modules/pump": {
      "version": "3.0.0",
      "resolved": "https://npmjs.org",
      "integrity": "sha512-LwZy+p3SFs1Pytd/jYct4wpv49HiYC69gwPT0vKVwNMny6ia9SXBBv66v32chI6v+6WlLPc31WPsPtKmWtw==",
      "dependencies": {
        "end-of-stream": "^1.1.0",
        "once": "^1.3.1"
      }
    },
    "node_modules/end-of-stream": {
      "version": "1.4.4",
      "resolved": "https://npmjs.org",
      "integrity": "sha512-+uw1inJuVPQdBkgHzGupAIt64vZTP16giWf65qN566Ncsw68q95C94FmKr9ff1CyKKI7CqW9BF0+Us58Zw==",
      "dependencies": {
        "once": "^1.4.0"
      }
    },
    "node_modules/once": {
      "version": "1.4.0",
      "resolved": "https://npmjs.org",
      "integrity": "sha512-lNaJgI+2Q5URQBkccEK3DNypuztc49X65FkpBIdq46i0c5SanO5tkWUP/bNYswF0g5Yf66cl76ERqvNA6cQ==",
      "dependencies": {
        "wrappy": "1"
      }
    },
    "node_modules/wrappy": {
      "version": "1.0.2",
      "resolved": "https://npmjs.org",
      "integrity": "sha512-l4Sp/DRseor9wL6JaVbo8995WhCrSW9f34Z5P063DKILcOR75ECJK3IAmeM18TZHeq66dB16453owkIF9gA=="
    },
    "node_modules/rc": {
      "version": "1.2.8",
      "resolved": "https://npmjs.org",
      "integrity": "sha512-y3oAdJKwxCOUsOWc8ACpWhEvZAsBLeW6q9mSwnL++mIuFwtC0G6Cdb7A3LByyI4C73LdD2b7xTzAnu4Q8A==",
      "dependencies": {
        "deep-extend": "^0.6.0",
        "ini": "~1.3.0",
        "minimist": "^1.2.0",
        "strip-json-comments": "~2.0.1"
      },
      "bin": {
        "rc": "index.js"
      }
    },
    "node_modules/deep-extend": {
      "version": "0.6.0",
      "resolved": "https://npmjs.org",
      "integrity": "sha512-LOHxIOaPYdHlJRtCQfDIVZtfw/ufM8+rVj649RIHzqlMHOwADLkxt9QN9s1w2WEXUfAV6FlqCA7JaCQrRA==",
      "engines": {
        "node": ">=0.4.0"
      }
    },
    "node_modules/ini": {
      "version": "1.3.8",
      "resolved": "https://npmjs.org",
      "integrity": "sha512-JV/yugV2uzW5iMRSiRJyNIgl6KT70g678fER61mOWkvwDG93GRmXEXwpFr861aLN6dhQI6ia11cvbx46t6g=="
    },
    "node_modules/strip-json-comments": {
      "version": "2.0.1",
      "resolved": "https://npmjs.org",
      "integrity": "sha512-4gB8RjeV40+OBnDYlChW9JnfcBQLJM2Cn9XOqtLDkbODVfILfJ4/HRyMakle26WVkG5qcrBuc6ZH/1SSPcQ==",
      "engines": {
        "node": ">=0.10.0"
      }
    },
    "node_modules/simple-get": {
      "version": "4.0.1",
      "resolved": "https://npmjs.org",
      "integrity": "sha512-BRazSpwKvbvUUROi8GKhQYWdcVw5M6SWhTU5xUO1TXFwgh2wvw70MvqnM6sQ5JuHq7wtIhZAnl1xlQmZ6w==",
      "funding": [
        {
          "type": "github",
          "url": "https://github.com"
        },
        {
          "type": "patreon",
          "url": "https://patreon.com"
        },
        {
          "type": "consulting",
          "url": "https://feross.org"
        }
      ],
      "dependencies": {
        "decompress-response": "^6.0.0",
        "once": "^1.3.1",
        "simple-concat": "^1.0.2"
      }
    },
    "node_modules/decompress-response": {
      "version": "6.0.0",
      "resolved": "https://npmjs.org",
      "integrity": "sha512-aW343Oa64vQBBAguQWlFy0HS8nAQYK3UXfTlwxf4A6S9vBfG1639eW5cRnLQAM3YYTCiZoq51v1g9NJHZ1g==",
      "dependencies": {
        "mimic-response": "^3.1.0"
      },
      "engines": {
        "node": ">=10"
      }
    },
    "node_modules/mimic-response": {
      "version": "3.1.0",
      "resolved": "https://npmjs.org",
      "integrity": "sha512-z0yWI+4FNAV9TfQ6MAMZF1RIg7Cr0w6IZ5m8wSi6iMICIQjLqfTRmm6WCoQRKUr5VeLQcJakr1Gzk0XY9g====",
      "engines": {
        "node": ">=10"
      }
    },
    "node_modules/simple-concat": {
      "version": "1.0.1",
      "resolved": "https://npmjs.org",
      "integrity": "sha512-cSFYfRIiaNLIyLt6mP5PpdR9pE3NAt6w17wG4p+4W9fB8I6m69O9qI64S7K4B7Wtw0r4v9nL7A===="
    },
    "node_modules/tar": {
      "version": "6.2.1",
      "resolved": "https://npmjs.org",
      "integrity": "sha512-DZ4yORTwrbTj/7MZYq2wTNICEx3ypyDQ6BBS7axc7JiW7wAdAs9HWKUwF3JMZ0W07s0wFBNpVP0LyNQChw==",
      "dependencies": {
        "chownr": "^2.0.0",
        "fs-minipass": "^2.0.0",
        "minipass": "^5.0.0",
        "minizlib": "^2.1.1",
        "mkdirp": "^1.0.3",
        "yallist": "^4.0.0"
      },
      "engines": {
        "node": ">=10"
      }
    },
    "node_modules/chownr": {
