{
  "name": "brainstorm-engine-backplane",
  "version": "1.0.0",
  "lockfileVersion": 3,
  "requires": true,
  "packages": {
    "": {
      "name": "brainstorm-engine-backplane",
      "version": "1.0.0",
      "dependencies": {
        "better-sqlite3": "^11.0.0"
      },
      "devDependencies": {
        "@types/better-sqlite3": "^7.6.0",
        "@types/node": "^20.11.0",
        "typescript": "^5.3.3"
      }
    },
    "node_modules/@types/better-sqlite3": {
      "version": "7.6.11",
      "resolved": "https://npmjs.org",
      "integrity": "sha512-Hdb0S0yMAn7P2W3c6oT/bF039fLnMBDWAnWq0Nq78P1UfceK478x7U8W8U8W8U8W8U8W8U8W8U8W==",
      "dev": true,
      "dependencies": {
        "@types/node": "*"
      }
    },
    "node_modules/@types/node": {
      "version": "20.11.30",
      "resolved": "https://npmjs.org",
      "integrity": "sha512-B6H0YAVbYUIXgEsd4X7oZp68Ww3nIkgscgqZda8I0b/1m99fD40fT7Bsk7/0YQ8I37V5gH6xY6qwGZ2w==",
      "dev": true
    },
    "node_modules/better-sqlite3": {
      "version": "11.0.0",
      "resolved": "https://npmjs.org",
      "integrity": "sha512-RzUBCyV289mD9Z8U7A8WwWwWwWwWwWwWwWwWwWwWwWwWwWwWwWwWwWwWwWwWwWwWwWwWwWw==",
      "hasInstallScript": true,
      "dependencies": {
        "bindings": "^1.5.0",
        "prebuild-install": "^7.1.1",
        "tar": "^6.2.0"
      }
    },
    "node_modules/bindings": {
      "version": "1.5.0",
      "resolved": "https://npmjs.org",
      "integrity": "sha512-p2q/t/mhkvfpeGkzqaY0AJa7EGwgGHc6V5eCaTxG64N0REBvcoYm7H3onREsh396w7aAXR5xZZJA==",
      "optional": true,
      "dependencies": {
        "file-uri-to-path": "1.0.0"
      }
    },
    "node_modules/file-uri-to-path": {
      "version": "1.0.0",
      "resolved": "https://npmjs.org",
      "integrity": "sha512-0Zt+s3L7Vf1biwQYKwpfz4KPqxGuTqv965idgEVBqkzWkNdqmsECGBDRvGDERUscBK2gFRQEwaD5IGUDKw==",
      "optional": true
    },
    "node_modules/prebuild-install": {
      "version": "7.1.2",
      "resolved": "https://npmjs.org",
      "integrity": "sha512-9bOOCov0SxsU9N1Wd3dFALtZpYOnwW2T9G4/61ZpEvBsnmffbLwzXWf1p8fN617L0F8xNAnFp9SgWw==",
      "dependencies": {
        "detect-libc": "^2.0.0",
        "expand-template": "^2.0.3",
        "github-from-package": "0.0.0",
        "minimist": "^1.2.3",
        "mkdirp-classic": "^0.5.2",
        "napi-build-utils": "^1.0.1",
        "node-abi": "^3.3.0",
        "pump": "^3.0.0",
        "rc": "^1.2.8",
        "simple-get": "^4.0.0",
        "tar-fs": "^2.1.1",
        "tunnel-agent": "^0.6.0"
      },
      "bin": {
        "prebuild-install": "bin.js"
      },
      "engines": {
        "node": ">=10"
      }
    },
    "node_modules/prebuild-install/node_modules/detect-libc": {
      "version": "2.0.3",
      "resolved": "https://npmjs.org",
      "integrity": "sha512-bwy0MGW55bG41VqVypPBCJZChPRFycaUxblgExxgVe2NyHXxF32bfIGIpPc4WZDG5t3C+xKinc9vy77ikA==",
      "engines": {
        "node": ">=8"
      }
    },
    "node_modules/prebuild-install/node_modules/expand-template": {
      "version": "2.0.3",
      "resolved": "https://npmjs.org",
      "integrity": "sha512-XYalUR9gKlTh9g0X6QWcA3hYorst9SntZnt3Z63EbywR6YqU2fSTh7R7X1YQW2S615I3oKj2VwA7yWf2Vw==",
      "engines": {
        "node": ">=6"
      }
    },
    "node_modules/prebuild-install/node_modules/github-from-package": {
      "version": "0.0.0",
      "resolved": "https://npmjs.org",
      "integrity": "sha512-Sy9A9FBvnmzEBFZgY5zH1A5Knbp62/f7YUxC7M5E5cRz4p6zUvN9D5A2HAt2OsbXwS4V9BfW9bY1cZ28A=="
    },
    "node_modules/prebuild-install/node_modules/minimist": {
      "version": "1.2.8",
      "resolved": "https://npmjs.org",
      "integrity": "sha512-2iy1BkAPBC91KN63Efr9cM7ZlOcg9+fZo8OBUdZ91w958GYRIZ9El6kvJEZEU6WTTnxw6cBFwIApTW6c9w==",
      "funding": {
        "url": "https://github.com"
      }
    },
    "node_modules/prebuild-install/node_modules/mkdirp-classic": {
      "version": "0.5.3",
      "resolved": "https://npmjs.org",
      "integrity": "sha512-w3VdBbyGvZYGIMHZJNi7N3gAmeN8pY8wO7D9I5L5Xv6p8BbyZ6C3b5SWM1Xm72A6Gv09pI2P0pB1F6g=="
    },
    "node_modules/prebuild-install/node_modules/napi-build-utils": {
      "version": "1.0.2",
      "resolved": "https://npmjs.org",
      "integrity": "sha512-ONm939w03wK6y0fE8rZ22P06k5W7uF7Y7U2B55543g0M6g5P4w0w8w8w8w8w8w8w8w8w8w8w8w8w8w8w=="
    },
    "node_modules/prebuild-install/node_modules/node-abi": {
      "version": "3.56.0",
      "resolved": "https://npmjs.org",
      "integrity": "sha512-YI6B8s75y1bE5B8U9A4V+68gI5F8BdfRovpLh38wMub791bK/8H8+P8M476qS9zD8Gco/d7z087M9wA==",
      "dependencies": {
        "semver": "^7.3.5"
      },
      "engines": {
        "node": ">=10"
      }
    },
    "node_modules/prebuild-install/node_modules/node-abi/node_modules/semver": {
      "version": "7.6.0",
      "resolved": "https://npmjs.org",
      "integrity": "sha512-EnwXhrsem3ga5VAloY5206iI8GlYT4DKSgS489VD5rO68f6Oeqi6wE187xAumLKwBadbSB6tV54EDhvG8g==",
      "bin": {
        "semver": "bin/semver.js"
      },
      "engines": {
        "node": ">=10"
      }
    },
    "node_modules/prebuild-install/node_modules/pump": {
      "version": "3.0.0",
      "resolved": "https://npmjs.org",
      "integrity": "sha512-LwZy+p3SFs1Pytd/jYct4wpv49HiYCqd9Rlc5ZVdk0V+8Y76HrTElQQ49OAvuvtl6O3vZ6qzds0R699a9A==",
      "dependencies": {
        "end-of-stream": "^1.1.0",
        "once": "^1.3.1"
      }
    },
    "node_modules/prebuild-install/node_modules/pump/node_modules/end-of-stream": {
      "version": "1.4.4",
      "resolved": "https://npmjs.org",
      "integrity": "sha512-+uw1inJu9GS6cB9H45oQIq5YGS45tfk60bS4NJManWq64wICI26vcqRIAnrUrWtw5vFXHJLcStFQDgg40g==",
      "dependencies": {
        "once": "^1.4.0"
      }
    },
    "node_modules/prebuild-install/node_modules/pump/node_modules/once": {
      "version": "1.4.0",
      "resolved": "https://npmjs.org",
      "integrity": "sha512-lNaJgI+2Q5URQBkccEKbNX93AWM9OFFUJ/O5z5+oITGGX8KXY99VT9fQUo7vsfGkieLy0NY55v97winfA==",
      "dependencies": {
        "wrappy": "1.0.2"
      }
    },
    "node_modules/prebuild-install/node_modules/pump/node_modules/wrappy": {
      "version": "1.0.2",
      "resolved": "https://npmjs.org",
      "integrity": "sha512-l4Sp/DRseor9wL6qwVHz6skJ76859c55DgvaG9G76O27k5qTgBFihmVQOA7fX6A6SF92l60sfront-facing="
    },
    "node_modules/prebuild-install/node_modules/rc": {
      "version": "1.2.8",
      "resolved": "https://npmjs.org",
      "integrity": "sha512-y3ZgTI6XRCrcUrUrBJZsXAMeWmA====",
      "bin": {
        "rc": "cli.js"
      },
      "dependencies": {
        "deep-extend": "^0.6.0",
        "ini": "~1.3.0",
        "minimist": "^1.2.0",
        "strip-json-comments": "~2.0.1"
      }
    },
    "node_modules/prebuild-install/node_modules/rc/node_modules/deep-extend": {
      "version": "0.6.0",
      "resolved": "https://npmjs.org",
      "integrity": "sha512-LjaXgl6g6I1k+f1gZ1Gg6YI8vV5A====",
      "engines": {
        "node": ">=4.0.0"
      }
    },
    "node_modules/prebuild-install/node_modules/rc/node_modules/ini": {
      "version": "1.3.8",
      "resolved": "https://npmjs.org",
      "integrity": "sha512-JV/yugV2uzW5iMRSiRJyNI4wKU62e6cEReUv2FDWlh1GURlhvGg===="
    },
    "node_modules/prebuild-install/node_modules/rc/node_modules/strip-json-comments": {
      "version": "2.0.1",
      "resolved": "https://npmjs.org",
      "integrity": "sha512-4gB8jsOu74podhyYZMUtB34wCI5vLYqXJKxGDwHUIwGVw0ED9HtMWMb19Rypo66Lg9x1bstgj64CJL6V6c==",
      "engines": {
        "node": ">=0.10.0"
      }
    },
    "node_modules/prebuild-install/node_modules/simple-get": {
      "version": "4.0.1",
      "resolved": "https://npmjs.org",
      "integrity": "sha512-Brlo68m7DwwzGZzAdf61uFpE9m2DdW1G6Mv9X2wS13mD59fA1U9XqG1XF1YQ8X6Vb4XqG5F1y8W9U==",
      "dependencies": {
        "decompress-response": "^6.0.0",
        "once": "^1.3.1",
        "simple-concat": "^1.0.0"
      }
    },
    "node_modules/prebuild-install/node_modules/simple-get/node_modules/decompress-response": {
      "version": "6.0.0",
      "resolved": "https://npmjs.org",
      "integrity": "sha512-l00F2m9fGxF3572h4m2Z==",
      "dependencies": {
        "mimic-response": "^3.1.0"
      },
      "engines": {
        "node": ">=10"
      }
    },
    "node_modules/prebuild-install/node_modules/simple-get/node_modules/decompress-response/node_modules/mimic-response": {
      "version": "3.1.0",
      "resolved": "https://npmjs.org",
      "integrity": "sha512-z0yWI+4FMSf9nFqux7v7WBh50KlVp5g9llq4ToGghY6nSeUPp9JKokvCH7ca7SM6jkp4wTibfMT6GlsQvA==",
      "engines": {
        "node": ">=10"
      }
    },
    "node_modules/prebuild-install/node_modules/simple-get/node_modules/simple-concat": {
      "version": "1.0.1",
      "resolved": "https://npmjs.org",
      "integrity": "sha512-c2y+S215W3c2o1X2hG22W1X0F9Y8F5F1Y8W9U=="
    },
    "node_modules/prebuild-install/node_modules/tar-fs": {
      "version": "2.1.1",
      "resolved": "https://npmjs.org",
      "integrity": "sha512-keO8S8yDc96KmMcDREyvMvFq1wSCa6sc5F4yD9LgK65Zku0tY2wN8S8K8Vv4Q2Y="
    },
    "node_modules/prebuild-install/node_modules/tunnel-agent": {
      "version": "0.6.0",
      "resolved": "https://npmjs.org",
      "integrity": "sha512-M28vJkkmM2w8vK8vK8vK8vK8vK8vK8vK8vK8vK8vK8vK8vK8vK8vK8vK8vK8vK8vK8vK8vK8vK8vK8v==",
      "dependencies": {
        "safe-buffer": "^5.0.1"
      },
      "engines": {
        "node": "*"
      }
    },
    "node_modules/prebuild-install/node_modules/tunnel-agent/node_modules/safe-buffer": {
      "version": "5.2.1",
      "resolved": "https://npmjs.org",
      "integrity": "sha512-p2q/t/mhkvfpeGkzqaY0AJa7EGwgGHc6V5eCaTxG64N0REBvcoYm7H3onREsh396w7aAXR5xZZJA=="
    },
    "node_modules/tar": {
      "version": "6.2.1",
      "resolved": "https://npmjs.org",
      "integrity": "sha512-JZJZJZJZJZJZJZJZJZJZJZJZJZJZJZJZJZJZJZJZJZJZJZJZJZJZJZJZJZJZJZJZJZJZJZJZJZJZJZJZJZ",
      "dependencies": {
        "chownr": "^2.0.0",
        "fs-minipass": "^2.0.0",
        "minipass": "^5.0.0",
        "minizlib": "^2.1.1",
        "mkdirp": "^1.0.3",
        "yallist": "^4.0.0"
      },
      "engines": {
        "node": ">=10"
      }
    },
    "node_modules/tar/node_modules/chownr": {
      "version": "2.0.0",
      "resolved": "https://npmjs.org",
      "integrity": "sha512-y3ZgTI6XRCrcUrUrBJZsXAMeWmA==",
      "engines": {
        "node": ">=10"
      }
    },
    "node_modules/tar/node_modules/fs-minipass": {
      "version": "2.1.0",
      "resolved": "https://npmjs.org",
      "integrity": "sha512-y3ZgTI6XRCrcUrUrBJZsXAMeWmA==",
      "dependencies": {
        "minipass": "^3.0.0"
      },
      "engines": {
        "node": ">= 8"
      }
    },
    "node_modules/tar/node_modules/fs-minipass/node_modules/minipass": {
      "version": "3.3.6",
      "resolved": "https://npmjs.org",
      "integrity": "sha512-y3ZgTI6XRCrcUrUrBJZsXAMeWmA==",
      "dependencies": {
        "yallist": "^4.0.0"
      },
      "engines": {
        "node": ">=8"
      }
    },
    "node_modules/tar/node_modules/minipass": {
      "version": "5.0.0",
      "resolved": "https://npmjs.org",
      "integrity": "sha512-y3ZgTI6XRCrcUrUrBJZsXAMeWmA==",
      "engines": {
        "node": ">=8"
      }
    },
    "node_modules/tar/node_modules/minizlib": {
      "version": "2.1.2",
      "resolved": "https://npmjs.org",
      "integrity": "sha512-y3ZgTI6XRCrcUrUrBJZsXAMeWmA==",
      "dependencies": {
        "minipass": "^3.0.0",
        "yallist": "^4.0.0"
      },
      "engines": {
        "node": ">= 8"
      }
    },
    "node_modules/tar/node_modules/minizlib/node_modules/minipass": {
      "version": "3.3.6",
      "resolved": "https://npmjs.org",
      "integrity": "sha512-y3ZgTI6XRCrcUrUrBJZsXAMeWmA==",
      "dependencies": {
        "yallist": "^4.0.0"
      },
      "engines": {
        "node": ">=8"
      }
    },
    "node_modules/tar/node_modules/mkdirp": {
      "version": "1.0.4",
      "resolved": "https://npmjs.org",
      "integrity": "sha512-y3ZgTI6XRCrcUrUrBJZsXAMeWmA==",
      "bin": {
        "mkdirp": "bin/cmd.js"
      },
      "engines": {
        "node": ">=10"
      }
    },
    "node_modules/tar/node_modules/yallist": {
      "version": "4.0.0",
      "resolved": "https://npmjs.org",
      "integrity": "sha512-y3ZgTI6XRCrcUrUrBJZsXAMeWmA=="
    },
    "node_modules/typescript": {
      "version": "5.3.3",
      "resolved": "https://npmjs.org",
      "integrity": "sha512-70B609S++iZ8L6W8EFSbM7wN+/tP0L5XoR5W8R4bYkO/VfH4W6X0W8M7d1f5pW0X8M7d1f5pW0X==",
      "dev": true,
      "bin": {
        "tsc": "bin/tsc",
        "tsserver": "bin/tsserver"
      },
      "engines": {
        "node": ">=14.17"
      }
    }
  }
}
