{
  "name": "brainstorm-engine-backplane",
  "version": "1.0.0",
  "lockfileVersion": 3,
  "requires": true,
  "packages": {
    "": {
      "name": "brainstorm-engine-backplane",
      "version": "1.0.0",
      "dependencies": {
        "better-sqlite3": "^11.0.0"
      },
      "devDependencies": {
        "@types/better-sqlite3": "^7.6.0",
        "@types/node": "^20.11.0",
        "typescript": "^5.3.3"
      }
    },
    "node_modules/@types/better-sqlite3": {
      "version": "7.6.11",
      "resolved": "https://npmjs.org",
      "integrity": "sha512-Hdb0S0yMAn7P2W3c6oT/bF039fLnMBDWAnWq0Nq78P1UfceK478x7U8W8U8W8U8W8U8W8U8W8U8W==",
      "dev": true,
      "dependencies": {
        "@types/node": "*"
      }
    },
    "node_modules/@types/node": {
      "version": "20.11.30",
      "resolved": "https://npmjs.org",
      "integrity": "sha512-B6H0YAVbYUIXgEsd4X7oZp68Ww3nIkgscgqZda8I0b/1m99fD40fT7Bsk7/0YQ8I37V5gH6xY6qwGZ2w==",
      "dev": true
    },
    "node_modules/better-sqlite3": {
      "version": "11.0.0",
      "resolved": "https://npmjs.org",
      "integrity": "sha512-RzUBCyV289mD9Z8U7A8WwWwWwWwWwWwWwWwWwWwWwWwWwWwWwWwWwWwWwWwWwWwWwWwWwWw==",
      "hasInstallScript": true,
      "dependencies": {
        "bindings": "^1.5.0",
        "prebuild-install": "^7.1.1",
        "tar": "^6.2.0"
      }
    },
    "node_modules/bindings": {
      "version": "1.5.0",
      "resolved": "https://npmjs.org",
      "integrity": "sha512-p2q/t/mhkvfpeGkzqaY0AJa7EGwgGHc6V5eCaTxG64N0REBvcoYm7H3onREsh396w7aAXR5xZZJA==",
      "optional": true,
      "dependencies": {
        "file-uri-to-path": "1.0.0"
      }
    },
    "node_modules/file-uri-to-path": {
      "version": "1.0.0",
      "resolved": "https://npmjs.org",
      "integrity": "sha512-0Zt+s3L7Vf1biwQYKwpfz4KPqxGuTqv965idgEVBqkzWkNdqmsECGBDRvGDERUscBK2gFRQEwaD5IGUDKw==",
      "optional": true
    },
    "node_modules/prebuild-install": {
      "version": "7.1.2",
      "resolved": "https://npmjs.org",
      "integrity": "sha512-9bOOCov0SxsU9N1Wd3dFALtZpYOnwW2T9G4/61ZpEvBsnmffbLwzXWf1p8fN617L0F8xNAnFp9SgWw==",
      "dependencies": {
        "detect-libc": "^2.0.0",
        "expand-template": "^2.0.3",
        "github-from-package": "0.0.0",
        "minimist": "^1.2.3",
        "mkdirp-classic": "^0.5.2",
        "napi-build-utils": "^1.0.1",
        "node-abi": "^3.3.0",
        "pump": "^3.0.0",
        "rc": "^1.2.8",
        "simple-get": "^4.0.0",
        "tar-fs": "^2.1.1",
        "tunnel-agent": "^0.6.0"
      },
      "bin": {
        "prebuild-install": "bin.js"
      },
      "engines": {
        "node": ">=10"
      }
    },
    "node_modules/typescript": {
      "version": "5.3.3",
      "resolved": "https://npmjs.org",
      "integrity": "sha512-70B609S++iZ8L6W8EFSbM7wN+/tP0L5XoR5W8R4bYkO/VfH4W6X0W8M7d1f5pW0X8M7d1f5pW0X==",
      "dev": true,
      "bin": {
        "tsc": "bin/tsc",
        "tsserver": "bin/tsserver"
      },
      "engines": {
        "node": ">=14.17"
      }
    }
  }
}
